// !$*UTF8*$!
{
	archiveVersion = 1;
	classes = {
	};
	objectVersion = 48;
	objects = {

/* Begin PBXBuildFile section */
		C534282D1FBF0BDB00A16641 /* AppDelegate.swift in Sources */ = {isa = PBXBuildFile; fileRef = C534282C1FBF0BDB00A16641 /* AppDelegate.swift */; };
		C534282F1FBF0BDB00A16641 /* ViewController.swift in Sources */ = {isa = PBXBuildFile; fileRef = C534282E1FBF0BDB00A16641 /* ViewController.swift */; };
		C53428321FBF0BDB00A16641 /* Main.storyboard in Resources */ = {isa = PBXBuildFile; fileRef = C53428301FBF0BDB00A16641 /* Main.storyboard */; };
		C53428341FBF0BDB00A16641 /* Assets.xcassets in Resources */ = {isa = PBXBuildFile; fileRef = C53428331FBF0BDB00A16641 /* Assets.xcassets */; };
		C534283C1FBF0BEB00A16641 /* WebHelper.swift in Sources */ = {isa = PBXBuildFile; fileRef = C534283B1FBF0BEB00A16641 /* WebHelper.swift */; };
/* End PBXBuildFile section */

/* Begin PBXFileReference section */
		C53428291FBF0BDB00A16641 /* Info2.app */ = {isa = PBXFileReference; explicitFileType = wrapper.application; includeInIndex = 0; path = Info2.app; sourceTree = BUILT_PRODUCTS_DIR; };
		C534282C1FBF0BDB00A16641 /* AppDelegate.swift */ = {isa = PBXFileReference; lastKnownFileType = sourcecode.swift; path = AppDelegate.swift; sourceTree = "<group>"; };
		C534282E1FBF0BDB00A16641 /* ViewController.swift */ = {isa = PBXFileReference; lastKnownFileType = sourcecode.swift; path = ViewController.swift; sourceTree = "<group>"; };
		C53428311FBF0BDB00A16641 /* Base */ = {isa = PBXFileReference; lastKnownFileType = file.storyboard; name = Base; path = Base.lproj/Main.storyboard; sourceTree = "<group>"; };
		C53428331FBF0BDB00A16641 /* Assets.xcassets */ = {isa = PBXFileReference; lastKnownFileType = folder.assetcatalog; path = Assets.xcassets; sourceTree = "<group>"; };
		C53428351FBF0BDB00A16641 /* Info.plist */ = {isa = PBXFileReference; lastKnownFileType = text.plist.xml; path = Info.plist; sourceTree = "<group>"; };
		C534283B1FBF0BEB00A16641 /* WebHelper.swift */ = {isa = PBXFileReference; lastKnownFileType = sourcecode.swift; path = WebHelper.swift; sourceTree = "<group>"; };
/* End PBXFileReference section */

/* Begin PBXFrameworksBuildPhase section */
		C53428261FBF0BDB00A16641 /* Frameworks */ = {
			isa = PBXFrameworksBuildPhase;
			buildActionMask = 2147483647;
			files = (
			);
			runOnlyForDeploymentPostprocessing = 0;
		};
/* End PBXFrameworksBuildPhase section */

/* Begin PBXGroup section */
		C53428201FBF0BDB00A16641 = {
			isa = PBXGroup;
			children = (
				C534282B1FBF0BDB00A16641 /* Info2 */,
				C534282A1FBF0BDB00A16641 /* Products */,
			);
			sourceTree = "<group>";
		};
		C534282A1FBF0BDB00A16641 /* Products */ = {
			isa = PBXGroup;
			children = (
				C53428291FBF0BDB00A16641 /* Info2.app */,
			);
			name = Products;
			sourceTree = "<group>";
		};
		C534282B1FBF0BDB00A16641 /* Info2 */ = {
			isa = PBXGroup;
			children = (
				C534282C1FBF0BDB00A16641 /* AppDelegate.swift */,
				C534282E1FBF0BDB00A16641 /* ViewController.swift */,
				C534283B1FBF0BEB00A16641 /* WebHelper.swift */,
				C53428301FBF0BDB00A16641 /* Main.storyboard */,
				C53428331FBF0BDB00A16641 /* Assets.xcassets */,
				C53428351FBF0BDB00A16641 /* Info.plist */,
			);
			path = Info2;
			sourceTree = "<group>";
		};
/* End PBXGroup section */

/* Begin PBXNativeTarget section */
		C53428281FBF0BDB00A16641 /* Info2 */ = {
			isa = PBXNativeTarget;
			buildConfigurationList = C53428381FBF0BDB00A16641 /* Build configuration list for PBXNativeTarget "Info2" */;
			buildPhases = (
				C53428251FBF0BDB00A16641 /* Sources */,
				C53428261FBF0BDB00A16641 /* Frameworks */,
				C53428271FBF0BDB00A16641 /* Resources */,
			);
			buildRules = (
			);
			dependencies = (
			);
			name = Info2;
			productName = Info2;
			productReference = C53428291FBF0BDB00A16641 /* Info2.app */;
			productType = "com.apple.product-type.application";
		};
/* End PBXNativeTarget section */

/* Begin PBXProject section */
		C53428211FBF0BDB00A16641 /* Project object */ = {
			isa = PBXProject;
			attributes = {
				LastSwiftUpdateCheck = 0910;
				LastUpgradeCheck = 0910;
				ORGANIZATIONNAME = "Finn Gaida";
				TargetAttributes = {
					C53428281FBF0BDB00A16641 = {
						CreatedOnToolsVersion = 9.1;
						ProvisioningStyle = Automatic;
					};
				};
			};
			buildConfigurationList = C53428241FBF0BDB00A16641 /* Build configuration list for PBXProject "Info2" */;
			compatibilityVersion = "Xcode 8.0";
			developmentRegion = en;
			hasScannedForEncodings = 0;
			knownRegions = (
				en,
				Base,
			);
			mainGroup = C53428201FBF0BDB00A16641;
			productRefGroup = C534282A1FBF0BDB00A16641 /* Products */;
			projectDirPath = "";
			projectRoot = "";
			targets = (
				C53428281FBF0BDB00A16641 /* Info2 */,
			);
		};
/* End PBXProject section */

/* Begin PBXResourcesBuildPhase section */
		C53428271FBF0BDB00A16641 /* Resources */ = {
			isa = PBXResourcesBuildPhase;
			buildActionMask = 2147483647;
			files = (
				C53428341FBF0BDB00A16641 /* Assets.xcassets in Resources */,
				C53428321FBF0BDB00A16641 /* Main.storyboard in Resources */,
			);
			runOnlyForDeploymentPostprocessing = 0;
		};
/* End PBXResourcesBuildPhase section */

/* Begin PBXSourcesBuildPhase section */
		C53428251FBF0BDB00A16641 /* Sources */ = {
			isa = PBXSourcesBuildPhase;
			buildActionMask = 2147483647;
			files = (
				C534283C1FBF0BEB00A16641 /* WebHelper.swift in Sources */,
				C534282F1FBF0BDB00A16641 /* ViewController.swift in Sources */,
				C534282D1FBF0BDB00A16641 /* AppDelegate.swift in Sources */,
			);
			runOnlyForDeploymentPostprocessing = 0;
		};
/* End PBXSourcesBuildPhase section */

/* Begin PBXVariantGroup section */
		C53428301FBF0BDB00A16641 /* Main.storyboard */ = {
			isa = PBXVariantGroup;
			children = (
				C53428311FBF0BDB00A16641 /* Base */,
			);
			name = Main.storyboard;
			sourceTree = "<group>";
		};
/* End PBXVariantGroup section */

/* Begin XCBuildConfiguration section */
		C53428361FBF0BDB00A16641 /* Debug */ = {
			isa = XCBuildConfiguration;
			buildSettings = {
				ALWAYS_SEARCH_USER_PATHS = NO;
				CLANG_ANALYZER_NONNULL = YES;
				CLANG_ANALYZER_NUMBER_OBJECT_CONVERSION = YES_AGGRESSIVE;
				CLANG_CXX_LANGUAGE_STANDARD = "gnu++14";
				CLANG_CXX_LIBRARY = "libc++";
				CLANG_ENABLE_MODULES = YES;
				CLANG_ENABLE_OBJC_ARC = YES;
				CLANG_WARN_BLOCK_CAPTURE_AUTORELEASING = YES;
				CLANG_WARN_BOOL_CONVERSION = YES;
				CLANG_WARN_COMMA = YES;
				CLANG_WARN_CONSTANT_CONVERSION = YES;
				CLANG_WARN_DIRECT_OBJC_ISA_USAGE = YES_ERROR;
				CLANG_WARN_DOCUMENTATION_COMMENTS = YES;
				CLANG_WARN_EMPTY_BODY = YES;
				CLANG_WARN_ENUM_CONVERSION = YES;
				CLANG_WARN_INFINITE_RECURSION = YES;
				CLANG_WARN_INT_CONVERSION = YES;
				CLANG_WARN_NON_LITERAL_NULL_CONVERSION = YES;
				CLANG_WARN_OBJC_LITERAL_CONVERSION = YES;
				CLANG_WARN_OBJC_ROOT_CLASS = YES_ERROR;
				CLANG_WARN_RANGE_LOOP_ANALYSIS = YES;
				CLANG_WARN_STRICT_PROTOTYPES = YES;
				CLANG_WARN_SUSPICIOUS_MOVE = YES;
				CLANG_WARN_UNGUARDED_AVAILABILITY = YES_AGGRESSIVE;
				CLANG_WARN_UNREACHABLE_CODE = YES;
				CLANG_WARN__DUPLICATE_METHOD_MATCH = YES;
				COPY_PHASE_STRIP = NO;
				DEBUG_INFORMATION_FORMAT = dwarf;
				ENABLE_STRICT_OBJC_MSGSEND = YES;
				ENABLE_TESTABILITY = YES;
				GCC_C_LANGUAGE_STANDARD = gnu11;
				GCC_DYNAMIC_NO_PIC = NO;
				GCC_NO_COMMON_BLOCKS = YES;
				GCC_OPTIMIZATION_LEVEL = 0;
				GCC_PREPROCESSOR_DEFINITIONS = (
					"DEBUG=1",
					"$(inherited)",
				);
				GCC_WARN_64_TO_32_BIT_CONVERSION = YES;
				GCC_WARN_ABOUT_RETURN_TYPE = YES_ERROR;
				GCC_WARN_UNDECLARED_SELECTOR = YES;
				GCC_WARN_UNINITIALIZED_AUTOS = YES_AGGRESSIVE;
				GCC_WARN_UNUSED_FUNCTION = YES;
				GCC_WARN_UNUSED_VARIABLE = YES;
				MTL_ENABLE_DEBUG_INFO = YES;
				ONLY_ACTIVE_ARCH = YES;
				SDKROOT = appletvos;
				SWIFT_ACTIVE_COMPILATION_CONDITIONS = DEBUG;
				SWIFT_OPTIMIZATION_LEVEL = "-Onone";
				TVOS_DEPLOYMENT_TARGET = 11.1;
			};
			name = Debug;
		};
		C53428371FBF0BDB00A16641 /* Release */ = {
			isa = XCBuildConfiguration;
			buildSettings = {
				ALWAYS_SEARCH_USER_PATHS = NO;
				CLANG_ANALYZER_NONNULL = YES;
				CLANG_ANALYZER_NUMBER_OBJECT_CONVERSION = YES_AGGRESSIVE;
				CLANG_CXX_LANGUAGE_STANDARD = "gnu++14";
				CLANG_CXX_LIBRARY = "libc++";
				CLANG_ENABLE_MODULES = YES;
				CLANG_ENABLE_OBJC_ARC = YES;
				CLANG_WARN_BLOCK_CAPTURE_AUTORELEASING = YES;
				CLANG_WARN_BOOL_CONVERSION = YES;
				CLANG_WARN_COMMA = YES;
				CLANG_WARN_CONSTANT_CONVERSION = YES;
				CLANG_WARN_DIRECT_OBJC_ISA_USAGE = YES_ERROR;
				CLANG_WARN_DOCUMENTATION_COMMENTS = YES;
				CLANG_WARN_EMPTY_BODY = YES;
				CLANG_WARN_ENUM_CONVERSION = YES;
				CLANG_WARN_INFINITE_RECURSION = YES;
				CLANG_WARN_INT_CONVERSION = YES;
				CLANG_WARN_NON_LITERAL_NULL_CONVERSION = YES;
				CLANG_WARN_OBJC_LITERAL_CONVERSION = YES;
				CLANG_WARN_OBJC_ROOT_CLASS = YES_ERROR;
				CLANG_WARN_RANGE_LOOP_ANALYSIS = YES;
				CLANG_WARN_STRICT_PROTOTYPES = YES;
				CLANG_WARN_SUSPICIOUS_MOVE = YES;
				CLANG_WARN_UNGUARDED_AVAILABILITY = YES_AGGRESSIVE;
				CLANG_WARN_UNREACHABLE_CODE = YES;
				CLANG_WARN__DUPLICATE_METHOD_MATCH = YES;
				COPY_PHASE_STRIP = NO;
				DEBUG_INFORMATION_FORMAT = "dwarf-with-dsym";
				ENABLE_NS_ASSERTIONS = NO;
				ENABLE_STRICT_OBJC_MSGSEND = YES;
				GCC_C_LANGUAGE_STANDARD = gnu11;
				GCC_NO_COMMON_BLOCKS = YES;
				GCC_WARN_64_TO_32_BIT_CONVERSION = YES;
				GCC_WARN_ABOUT_RETURN_TYPE = YES_ERROR;
				GCC_WARN_UNDECLARED_SELECTOR = YES;
				GCC_WARN_UNINITIALIZED_AUTOS = YES_AGGRESSIVE;
				GCC_WARN_UNUSED_FUNCTION = YES;
				GCC_WARN_UNUSED_VARIABLE = YES;
				MTL_ENABLE_DEBUG_INFO = NO;
				SDKROOT = appletvos;
				SWIFT_OPTIMIZATION_LEVEL = "-Owholemodule";
				TVOS_DEPLOYMENT_TARGET = 11.1;
				VALIDATE_PRODUCT = YES;
			};
			name = Release;
		};
		C53428391FBF0BDB00A16641 /* Debug */ = {
			isa = XCBuildConfiguration;
			buildSettings = {
				ASSETCATALOG_COMPILER_APPICON_NAME = "App Icon & Top Shelf Image";
				ASSETCATALOG_COMPILER_LAUNCHIMAGE_NAME = LaunchImage;
				CODE_SIGN_STYLE = Automatic;
				DEVELOPMENT_TEAM = PTHJ3DNH6P;
				INFOPLIST_FILE = Info2/Info.plist;
				LD_RUNPATH_SEARCH_PATHS = "$(inherited) @executable_path/Frameworks";
				PRODUCT_BUNDLE_IDENTIFIER = de.finngaida.Info2;
				PRODUCT_NAME = "$(TARGET_NAME)";
				SWIFT_VERSION = 4.0;
				TARGETED_DEVICE_FAMILY = 3;
			};
			name = Debug;
		};
		C534283A1FBF0BDB00A16641 /* Release */ = {
			isa = XCBuildConfiguration;
			buildSettings = {
				ASSETCATALOG_COMPILER_APPICON_NAME = "App Icon & Top Shelf Image";
				ASSETCATALOG_COMPILER_LAUNCHIMAGE_NAME = LaunchImage;
				CODE_SIGN_STYLE = Automatic;
				DEVELOPMENT_TEAM = PTHJ3DNH6P;
				INFOPLIST_FILE = Info2/Info.plist;
				LD_RUNPATH_SEARCH_PATHS = "$(inherited) @executable_path/Frameworks";
				PRODUCT_BUNDLE_IDENTIFIER = de.finngaida.Info2;
				PRODUCT_NAME = "$(TARGET_NAME)";
				SWIFT_VERSION = 4.0;
				TARGETED_DEVICE_FAMILY = 3;
			};
			name = Release;
		};
/* End XCBuildConfiguration section */

/* Begin XCConfigurationList section */
		C53428241FBF0BDB00A16641 /* Build configuration list for PBXProject "Info2" */ = {
			isa = XCConfigurationList;
			buildConfigurations = (
				C53428361FBF0BDB00A16641 /* Debug */,
				C53428371FBF0BDB00A16641 /* Release */,
			);
			defaultConfigurationIsVisible = 0;
			defaultConfigurationName = Release;
		};
		C53428381FBF0BDB00A16641 /* Build configuration list for PBXNativeTarget "Info2" */ = {
			isa = XCConfigurationList;
			buildConfigurations = (
				C53428391FBF0BDB00A16641 /* Debug */,
				C534283A1FBF0BDB00A16641 /* Release */,
			);
			defaultConfigurationIsVisible = 0;
			defaultConfigurationName = Release;
		};
/* End XCConfigurationList section */
	};
	rootObject = C53428211FBF0BDB00A16641 /* Project object */;
}
